
Microsoft Visual Studio Solution File, Format Version 12.00
# Visual Studio Version 16
VisualStudioVersion = 16.0.28803.452
MinimumVisualStudioVersion = 10.0.40219.1
Project("{9A19103F-16F7-4668-BE54-9A1E7A4F7556}") = "Ping", "projects\server\Ping\Ping.csproj", "{5160117F-0D76-42A0-BE71-B877ECDC96E3}"
EndProject
Project("{2150E333-8FDC-42A3-9474-1A3956D46DE8}") = "Tests", "Tests", "{8F917D3D-0160-491B-B5D4-4A74D7C899D5}"
EndProject
Project("{2150E333-8FDC-42A3-9474-1A3956D46DE8}") = "Solution Items", "Solution Items", "{EBBFA36D-9932-4628-82DC-89CACA1E47F7}"
	ProjectSection(SolutionItems) = preProject
		azure-pipelines.yml = azure-pipelines.yml
		README.md = README.md
	EndProjectSection
EndProject
Project("{9A19103F-16F7-4668-BE54-9A1E7A4F7556}") = "BaseTest", "projects\server\test\BaseTest\BaseTest.csproj", "{41F5AC60-6CF0-4794-8BE5-51C2878782A7}"
EndProject
Project("{9A19103F-16F7-4668-BE54-9A1E7A4F7556}") = "PingTest", "projects\server\PingTest\PingTest.csproj", "{087B9CF5-6D29-4B9A-8C6A-E7277AEB068A}"
EndProject
Global
	GlobalSection(SolutionConfigurationPlatforms) = preSolution
		Debug|Any CPU = Debug|Any CPU
		Release|Any CPU = Release|Any CPU
	EndGlobalSection
	GlobalSection(ProjectConfigurationPlatforms) = postSolution
		{5160117F-0D76-42A0-BE71-B877ECDC96E3}.Debug|Any CPU.ActiveCfg = Debug|Any CPU
		{5160117F-0D76-42A0-BE71-B877ECDC96E3}.Debug|Any CPU.Build.0 = Debug|Any CPU
		{5160117F-0D76-42A0-BE71-B877ECDC96E3}.Release|Any CPU.ActiveCfg = Release|Any CPU
		{5160117F-0D76-42A0-BE71-B877ECDC96E3}.Release|Any CPU.Build.0 = Release|Any CPU
		{41F5AC60-6CF0-4794-8BE5-51C2878782A7}.Debug|Any CPU.ActiveCfg = Debug|Any CPU
		{41F5AC60-6CF0-4794-8BE5-51C2878782A7}.Debug|Any CPU.Build.0 = Debug|Any CPU
		{41F5AC60-6CF0-4794-8BE5-51C2878782A7}.Release|Any CPU.ActiveCfg = Release|Any CPU
		{41F5AC60-6CF0-4794-8BE5-51C2878782A7}.Release|Any CPU.Build.0 = Release|Any CPU
		{087B9CF5-6D29-4B9A-8C6A-E7277AEB068A}.Debug|Any CPU.ActiveCfg = Debug|Any CPU
		{087B9CF5-6D29-4B9A-8C6A-E7277AEB068A}.Debug|Any CPU.Build.0 = Debug|Any CPU
		{087B9CF5-6D29-4B9A-8C6A-E7277AEB068A}.Release|Any CPU.ActiveCfg = Release|Any CPU
		{087B9CF5-6D29-4B9A-8C6A-E7277AEB068A}.Release|Any CPU.Build.0 = Release|Any CPU
	EndGlobalSection
	GlobalSection(SolutionProperties) = preSolution
		HideSolutionNode = FALSE
	EndGlobalSection
	GlobalSection(NestedProjects) = preSolution
		{41F5AC60-6CF0-4794-8BE5-51C2878782A7} = {8F917D3D-0160-491B-B5D4-4A74D7C899D5}
		{087B9CF5-6D29-4B9A-8C6A-E7277AEB068A} = {8F917D3D-0160-491B-B5D4-4A74D7C899D5}
	EndGlobalSection
	GlobalSection(ExtensibilityGlobals) = postSolution
		SolutionGuid = {8BB20503-5371-4577-B06D-8733681EECB9}
	EndGlobalSection
EndGlobal
